
Microsoft Visual Studio Solution File, Format Version 12.00
# Visual Studio 15
VisualStudioVersion = 15.0.27428.2043
MinimumVisualStudioVersion = 10.0.40219.1
Project("{9A19103F-16F7-4668-BE54-9A1E7A4F7556}") = "console", "console\console.csproj", "{C2CF8CC6-B751-463D-B770-5B9DF9F67FC5}"
EndProject
Project("{FAE04EC0-301F-11D3-BF4B-00C04F79EFBC}") = "Desktop", "Desktop\Desktop.csproj", "{193EA789-96A3-4681-AC29-B245641E87E3}"
EndProject
Project("{9A19103F-16F7-4668-BE54-9A1E7A4F7556}") = "zh.LocalPingLib", "zh.LocalPingLib\zh.LocalPingLib.csproj", "{E1226B67-B1A3-49A9-AF50-8C6FAD617984}"
EndProject
Project("{FAE04EC0-301F-11D3-BF4B-00C04F79EFBC}") = "zh.Vector", "zh.Vector\zh.Vector.csproj", "{B38C36B4-47C2-4D9F-A598-5662CBAC93C0}"
EndProject
Project("{FAE04EC0-301F-11D3-BF4B-00C04F79EFBC}") = "VectorTests", "VectorTests\VectorTests.csproj", "{B0C87D85-8615-4D6E-B743-9EF907154E4C}"
EndProject
Global
	GlobalSection(SolutionConfigurationPlatforms) = preSolution
		Debug|Any CPU = Debug|Any CPU
		Release|Any CPU = Release|Any CPU
	EndGlobalSection
	GlobalSection(ProjectConfigurationPlatforms) = postSolution
		{C2CF8CC6-B751-463D-B770-5B9DF9F67FC5}.Debug|Any CPU.ActiveCfg = Debug|Any CPU
		{C2CF8CC6-B751-463D-B770-5B9DF9F67FC5}.Debug|Any CPU.Build.0 = Debug|Any CPU
		{C2CF8CC6-B751-463D-B770-5B9DF9F67FC5}.Release|Any CPU.ActiveCfg = Release|Any CPU
		{C2CF8CC6-B751-463D-B770-5B9DF9F67FC5}.Release|Any CPU.Build.0 = Release|Any CPU
		{193EA789-96A3-4681-AC29-B245641E87E3}.Debug|Any CPU.ActiveCfg = Debug|Any CPU
		{193EA789-96A3-4681-AC29-B245641E87E3}.Debug|Any CPU.Build.0 = Debug|Any CPU
		{193EA789-96A3-4681-AC29-B245641E87E3}.Release|Any CPU.ActiveCfg = Release|Any CPU
		{193EA789-96A3-4681-AC29-B245641E87E3}.Release|Any CPU.Build.0 = Release|Any CPU
		{E1226B67-B1A3-49A9-AF50-8C6FAD617984}.Debug|Any CPU.ActiveCfg = Debug|Any CPU
		{E1226B67-B1A3-49A9-AF50-8C6FAD617984}.Debug|Any CPU.Build.0 = Debug|Any CPU
		{E1226B67-B1A3-49A9-AF50-8C6FAD617984}.Release|Any CPU.ActiveCfg = Release|Any CPU
		{E1226B67-B1A3-49A9-AF50-8C6FAD617984}.Release|Any CPU.Build.0 = Release|Any CPU
		{B38C36B4-47C2-4D9F-A598-5662CBAC93C0}.Debug|Any CPU.ActiveCfg = Debug|Any CPU
		{B38C36B4-47C2-4D9F-A598-5662CBAC93C0}.Debug|Any CPU.Build.0 = Debug|Any CPU
		{B38C36B4-47C2-4D9F-A598-5662CBAC93C0}.Release|Any CPU.ActiveCfg = Release|Any CPU
		{B38C36B4-47C2-4D9F-A598-5662CBAC93C0}.Release|Any CPU.Build.0 = Release|Any CPU
		{B0C87D85-8615-4D6E-B743-9EF907154E4C}.Debug|Any CPU.ActiveCfg = Debug|Any CPU
		{B0C87D85-8615-4D6E-B743-9EF907154E4C}.Debug|Any CPU.Build.0 = Debug|Any CPU
		{B0C87D85-8615-4D6E-B743-9EF907154E4C}.Release|Any CPU.ActiveCfg = Release|Any CPU
		{B0C87D85-8615-4D6E-B743-9EF907154E4C}.Release|Any CPU.Build.0 = Release|Any CPU
	EndGlobalSection
	GlobalSection(SolutionProperties) = preSolution
		HideSolutionNode = FALSE
	EndGlobalSection
	GlobalSection(ExtensibilityGlobals) = postSolution
		SolutionGuid = {01E2259A-7001-439E-BD50-9F034721748D}
	EndGlobalSection
EndGlobal
